// !$*UTF8*$!
{
	archiveVersion = 1;
	classes = {
	};
	objectVersion = 110;
	objects = {

/* Begin PBXContainerItemProxy section */
		5C0000000000000000000301 /* PBXContainerItemProxy */ = {
			isa = PBXContainerItemProxy;
			containerPortal = 5C0000000000000000000001 /* Project object */;
			proxyType = 1;
			remoteGlobalIDString = 5C0000000000000000000101;
			remoteInfo = SportLife;
		};
/* End PBXContainerItemProxy section */

/* Begin PBXFileReference section */
		5C0000000000000000000011 /* SportLife.app */ = {isa = PBXFileReference; explicitFileType = wrapper.application; includeInIndex = 0; path = SportLife.app; sourceTree = BUILT_PRODUCTS_DIR; };
		5C0000000000000000000012 /* SportLifeTests.xctest */ = {isa = PBXFileReference; explicitFileType = wrapper.cfbundle; includeInIndex = 0; path = SportLifeTests.xctest; sourceTree = BUILT_PRODUCTS_DIR; };
/* End PBXFileReference section */

/* Begin PBXFileSystemSynchronizedRootGroup section */
		5C0000000000000000000021 /* SportLife */ = {
			isa = PBXFileSystemSynchronizedRootGroup;
			path = SportLife;
			sourceTree = "<group>";
		};
		5C0000000000000000000022 /* SportLifeTests */ = {
			isa = PBXFileSystemSynchronizedRootGroup;
			path = SportLifeTests;
			sourceTree = "<group>";
		};
/* End PBXFileSystemSynchronizedRootGroup section */

/* Begin PBXFrameworksBuildPhase section */
		5C0000000000000000000201 /* Frameworks */ = {
			isa = PBXFrameworksBuildPhase;
			files = (
			);
		};
		5C0000000000000000000211 /* Frameworks */ = {
			isa = PBXFrameworksBuildPhase;
			files = (
			);
		};
/* End PBXFrameworksBuildPhase section */

/* Begin PBXGroup section */
		5C0000000000000000000002 = {
			isa = PBXGroup;
			children = (
				5C0000000000000000000021 /* SportLife */,
				5C0000000000000000000022 /* SportLifeTests */,
				5C0000000000000000000003 /* Products */,
			);
			sourceTree = "<group>";
		};
		5C0000000000000000000003 /* Products */ = {
			isa = PBXGroup;
			children = (
				5C0000000000000000000011 /* SportLife.app */,
				5C0000000000000000000012 /* SportLifeTests.xctest */,
			);
			name = Products;
			sourceTree = "<group>";
		};
/* End PBXGroup section */

/* Begin PBXNativeTarget section */
		5C0000000000000000000101 /* SportLife */ = {
			isa = PBXNativeTarget;
			buildConfigurationList = 5C0000000000000000000501 /* Build configuration list for PBXNativeTarget "SportLife" */;
			buildPhases = (
				5C0000000000000000000202 /* Sources */,
				5C0000000000000000000201 /* Frameworks */,
				5C0000000000000000000203 /* Resources */,
			);
			buildRules = (
			);
			fileSystemSynchronizedGroups = (
				5C0000000000000000000021 /* SportLife */,
			);
			name = SportLife;
			productName = SportLife;
			productReference = 5C0000000000000000000011 /* SportLife.app */;
			productType = "com.apple.product-type.application";
		};
		5C0000000000000000000102 /* SportLifeTests */ = {
			isa = PBXNativeTarget;
			buildConfigurationList = 5C0000000000000000000502 /* Build configuration list for PBXNativeTarget "SportLifeTests" */;
			buildPhases = (
				5C0000000000000000000212 /* Sources */,
				5C0000000000000000000211 /* Frameworks */,
				5C0000000000000000000213 /* Resources */,
			);
			buildRules = (
			);
			dependencies = (
				5C0000000000000000000311 /* PBXTargetDependency */,
			);
			fileSystemSynchronizedGroups = (
				5C0000000000000000000022 /* SportLifeTests */,
			);
			name = SportLifeTests;
			productName = SportLifeTests;
			productReference = 5C0000000000000000000012 /* SportLifeTests.xctest */;
			productType = "com.apple.product-type.bundle.unit-test";
		};
/* End PBXNativeTarget section */

/* Begin PBXProject section */
		5C0000000000000000000001 /* Project object */ = {
			isa = PBXProject;
			attributes = {
				BuildIndependentTargetsInParallel = 1;
				LastSwiftUpdateCheck = 2700;
				LastUpgradeCheck = 2700;
				TargetAttributes = {
					5C0000000000000000000101 = {
						CreatedOnToolsVersion = 27.0;
					};
					5C0000000000000000000102 = {
						CreatedOnToolsVersion = 27.0;
						TestTargetID = 5C0000000000000000000101;
					};
				};
			};
			buildConfigurationList = 5C0000000000000000000500 /* Build configuration list for PBXProject "SportLife" */;
			developmentRegion = en;
			hasScannedForEncodings = 0;
			knownRegions = (
				en,
				Base,
				ru,
			);
			mainGroup = 5C0000000000000000000002;
			minimizedProjectReferenceProxies = 1;
			preferredProjectObjectVersion = 110;
			productRefGroup = 5C0000000000000000000003 /* Products */;
			projectDirPath = "";
			projectRoot = "";
			targets = (
				5C0000000000000000000101 /* SportLife */,
				5C0000000000000000000102 /* SportLifeTests */,
			);
		};
/* End PBXProject section */

/* Begin PBXResourcesBuildPhase section */
		5C0000000000000000000203 /* Resources */ = {
			isa = PBXResourcesBuildPhase;
			files = (
			);
		};
		5C0000000000000000000213 /* Resources */ = {
			isa = PBXResourcesBuildPhase;
			files = (
			);
		};
/* End PBXResourcesBuildPhase section */

/* Begin PBXSourcesBuildPhase section */
		5C0000000000000000000202 /* Sources */ = {
			isa = PBXSourcesBuildPhase;
			files = (
			);
		};
		5C0000000000000000000212 /* Sources */ = {
			isa = PBXSourcesBuildPhase;
			files = (
			);
		};
/* End PBXSourcesBuildPhase section */

/* Begin PBXTargetDependency section */
		5C0000000000000000000311 /* PBXTargetDependency */ = {
			isa = PBXTargetDependency;
			target = 5C0000000000000000000101 /* SportLife */;
			targetProxy = 5C0000000000000000000301 /* PBXContainerItemProxy */;
		};
/* End PBXTargetDependency section */

/* Begin XCBuildConfiguration section */
		5C0000000000000000000601 /* Debug configuration for PBXProject "SportLife" */ = {
			isa = XCBuildConfiguration;
			buildSettings = {
				ALWAYS_SEARCH_USER_PATHS = NO;
				ASSETCATALOG_COMPILER_GENERATE_SWIFT_ASSET_SYMBOL_EXTENSIONS = YES;
				CLANG_ENABLE_MODULES = YES;
				CLANG_ENABLE_OBJC_ARC = YES;
				COPY_PHASE_STRIP = NO;
				DEBUG_INFORMATION_FORMAT = dwarf;
				ENABLE_STRICT_OBJC_MSGSEND = YES;
				ENABLE_TESTABILITY = YES;
				ENABLE_USER_SCRIPT_SANDBOXING = YES;
				GCC_C_LANGUAGE_STANDARD = gnu17;
				GCC_DYNAMIC_NO_PIC = NO;
				GCC_OPTIMIZATION_LEVEL = 0;
				GCC_PREPROCESSOR_DEFINITIONS = (
					"DEBUG=1",
					"$(inherited)",
				);
				IPHONEOS_DEPLOYMENT_TARGET = 26.0;
				LOCALIZATION_PREFERS_STRING_CATALOGS = YES;
				MTL_ENABLE_DEBUG_INFO = INCLUDE_SOURCE;
				ONLY_ACTIVE_ARCH = YES;
				SDKROOT = iphoneos;
				SWIFT_ACTIVE_COMPILATION_CONDITIONS = "DEBUG $(inherited)";
				SWIFT_OPTIMIZATION_LEVEL = "-Onone";
			};
			name = Debug;
		};
		5C0000000000000000000602 /* Release configuration for PBXProject "SportLife" */ = {
			isa = XCBuildConfiguration;
			buildSettings = {
				ALWAYS_SEARCH_USER_PATHS = NO;
				ASSETCATALOG_COMPILER_GENERATE_SWIFT_ASSET_SYMBOL_EXTENSIONS = YES;
				CLANG_ENABLE_MODULES = YES;
				CLANG_ENABLE_OBJC_ARC = YES;
				COPY_PHASE_STRIP = NO;
				DEBUG_INFORMATION_FORMAT = "dwarf-with-dsym";
				ENABLE_NS_ASSERTIONS = NO;
				ENABLE_STRICT_OBJC_MSGSEND = YES;
				ENABLE_USER_SCRIPT_SANDBOXING = YES;
				GCC_C_LANGUAGE_STANDARD = gnu17;
				IPHONEOS_DEPLOYMENT_TARGET = 26.0;
				LOCALIZATION_PREFERS_STRING_CATALOGS = YES;
				MTL_ENABLE_DEBUG_INFO = NO;
				SDKROOT = iphoneos;
				SWIFT_COMPILATION_MODE = wholemodule;
				VALIDATE_PRODUCT = YES;
			};
			name = Release;
		};
		5C0000000000000000000611 /* Debug configuration for PBXNativeTarget "SportLife" */ = {
			isa = XCBuildConfiguration;
			buildSettings = {
				CODE_SIGN_ENTITLEMENTS = SportLife.entitlements;
				CODE_SIGN_STYLE = Automatic;
				CURRENT_PROJECT_VERSION = 1;
				DEVELOPMENT_TEAM = 73CAX4WUJH;
				ENABLE_PREVIEWS = YES;
				GENERATE_INFOPLIST_FILE = YES;
				INFOPLIST_FILE = "SportLife-Info.plist";
				INFOPLIST_KEY_CFBundleDisplayName = "Sport Life";
				INFOPLIST_KEY_LSApplicationCategoryType = "";
				INFOPLIST_KEY_UIApplicationSceneManifest_Generation = YES;
				INFOPLIST_KEY_UIApplicationSupportsIndirectInputEvents = YES;
				INFOPLIST_KEY_UILaunchScreen_Generation = YES;
				INFOPLIST_KEY_UISupportedInterfaceOrientations_iPhone = UIInterfaceOrientationPortrait;
				LD_RUNPATH_SEARCH_PATHS = (
					"$(inherited)",
					"@executable_path/Frameworks",
				);
				MARKETING_VERSION = 0.1;
				PRODUCT_BUNDLE_IDENTIFIER = com.PrankMind.SportLife;
				PRODUCT_NAME = "$(TARGET_NAME)";
				SWIFT_APPROACHABLE_CONCURRENCY = YES;
				SWIFT_EMIT_LOC_STRINGS = YES;
				SWIFT_UPCOMING_FEATURE_MEMBER_IMPORT_VISIBILITY = YES;
				SWIFT_VERSION = 6.0;
				TARGETED_DEVICE_FAMILY = 1;
			};
			name = Debug;
		};
		5C0000000000000000000612 /* Release configuration for PBXNativeTarget "SportLife" */ = {
			isa = XCBuildConfiguration;
			buildSettings = {
				CODE_SIGN_ENTITLEMENTS = SportLife.entitlements;
				CODE_SIGN_STYLE = Automatic;
				CURRENT_PROJECT_VERSION = 1;
				DEVELOPMENT_TEAM = 73CAX4WUJH;
				ENABLE_PREVIEWS = YES;
				GENERATE_INFOPLIST_FILE = YES;
				INFOPLIST_FILE = "SportLife-Info.plist";
				INFOPLIST_KEY_CFBundleDisplayName = "Sport Life";
				INFOPLIST_KEY_LSApplicationCategoryType = "";
				INFOPLIST_KEY_UIApplicationSceneManifest_Generation = YES;
				INFOPLIST_KEY_UIApplicationSupportsIndirectInputEvents = YES;
				INFOPLIST_KEY_UILaunchScreen_Generation = YES;
				INFOPLIST_KEY_UISupportedInterfaceOrientations_iPhone = UIInterfaceOrientationPortrait;
				LD_RUNPATH_SEARCH_PATHS = (
					"$(inherited)",
					"@executable_path/Frameworks",
				);
				MARKETING_VERSION = 0.1;
				PRODUCT_BUNDLE_IDENTIFIER = com.PrankMind.SportLife;
				PRODUCT_NAME = "$(TARGET_NAME)";
				SWIFT_APPROACHABLE_CONCURRENCY = YES;
				SWIFT_EMIT_LOC_STRINGS = YES;
				SWIFT_UPCOMING_FEATURE_MEMBER_IMPORT_VISIBILITY = YES;
				SWIFT_VERSION = 6.0;
				TARGETED_DEVICE_FAMILY = 1;
			};
			name = Release;
		};
		5C0000000000000000000621 /* Debug configuration for PBXNativeTarget "SportLifeTests" */ = {
			isa = XCBuildConfiguration;
			buildSettings = {
				BUNDLE_LOADER = "$(TEST_HOST)";
				"CODE_SIGN_IDENTITY[sdk=macosx*]" = "-";
				CODE_SIGN_STYLE = Automatic;
				CURRENT_PROJECT_VERSION = 1;
				GENERATE_INFOPLIST_FILE = YES;
				MARKETING_VERSION = 0.1;
				PRODUCT_BUNDLE_IDENTIFIER = com.PrankMind.SportLifeTests;
				PRODUCT_NAME = "$(TARGET_NAME)";
				SWIFT_APPROACHABLE_CONCURRENCY = YES;
				SWIFT_DEFAULT_ACTOR_ISOLATION = MainActor;
				SWIFT_EMIT_LOC_STRINGS = NO;
				SWIFT_UPCOMING_FEATURE_MEMBER_IMPORT_VISIBILITY = YES;
				SWIFT_VERSION = 6.0;
				TARGETED_DEVICE_FAMILY = 1;
				TEST_HOST = "$(BUILT_PRODUCTS_DIR)/SportLife.app/SportLife";
			};
			name = Debug;
		};
		5C0000000000000000000622 /* Release configuration for PBXNativeTarget "SportLifeTests" */ = {
			isa = XCBuildConfiguration;
			buildSettings = {
				BUNDLE_LOADER = "$(TEST_HOST)";
				"CODE_SIGN_IDENTITY[sdk=macosx*]" = "-";
				CODE_SIGN_STYLE = Automatic;
				CURRENT_PROJECT_VERSION = 1;
				GENERATE_INFOPLIST_FILE = YES;
				MARKETING_VERSION = 0.1;
				PRODUCT_BUNDLE_IDENTIFIER = com.PrankMind.SportLifeTests;
				PRODUCT_NAME = "$(TARGET_NAME)";
				SWIFT_APPROACHABLE_CONCURRENCY = YES;
				SWIFT_DEFAULT_ACTOR_ISOLATION = MainActor;
				SWIFT_EMIT_LOC_STRINGS = NO;
				SWIFT_UPCOMING_FEATURE_MEMBER_IMPORT_VISIBILITY = YES;
				SWIFT_VERSION = 6.0;
				TARGETED_DEVICE_FAMILY = 1;
				TEST_HOST = "$(BUILT_PRODUCTS_DIR)/SportLife.app/SportLife";
			};
			name = Release;
		};
/* End XCBuildConfiguration section */

/* Begin XCConfigurationList section */
		5C0000000000000000000500 /* Build configuration list for PBXProject "SportLife" */ = {
			isa = XCConfigurationList;
			buildConfigurations = (
				5C0000000000000000000601 /* Debug configuration for PBXProject "SportLife" */,
				5C0000000000000000000602 /* Release configuration for PBXProject "SportLife" */,
			);
			defaultConfigurationName = Release;
		};
		5C0000000000000000000501 /* Build configuration list for PBXNativeTarget "SportLife" */ = {
			isa = XCConfigurationList;
			buildConfigurations = (
				5C0000000000000000000611 /* Debug configuration for PBXNativeTarget "SportLife" */,
				5C0000000000000000000612 /* Release configuration for PBXNativeTarget "SportLife" */,
			);
			defaultConfigurationName = Release;
		};
		5C0000000000000000000502 /* Build configuration list for PBXNativeTarget "SportLifeTests" */ = {
			isa = XCConfigurationList;
			buildConfigurations = (
				5C0000000000000000000621 /* Debug configuration for PBXNativeTarget "SportLifeTests" */,
				5C0000000000000000000622 /* Release configuration for PBXNativeTarget "SportLifeTests" */,
			);
			defaultConfigurationName = Release;
		};
/* End XCConfigurationList section */
	};
	rootObject = 5C0000000000000000000001 /* Project object */;
	validationLevel = 1;
}
